
Microsoft Visual Studio Solution File, Format Version 12.00
# Visual Studio 14
VisualStudioVersion = 14.0.25123.0
MinimumVisualStudioVersion = 10.0.40219.1
Project("{2150E333-8FDC-42A3-9474-1A3956D46DE8}") = "src", "src", "{B4973777-098E-4B2C-89AB-15008DBFFB7C}"
EndProject
Project("{2150E333-8FDC-42A3-9474-1A3956D46DE8}") = "Solution Items", "Solution Items", "{926DE40E-EC1B-4AE7-B33D-3C9C48DA61F6}"
	ProjectSection(SolutionItems) = preProject
		global.json = global.json
	EndProjectSection
EndProject
Project("{8BB2217D-0F2D-49D1-97BC-3654ED321F3B}") = "FishTankApp", "src\FishTankApp\FishTankApp.xproj", "{C280775E-5279-448A-A74A-F7650A7F0A3C}"
EndProject
Global
	GlobalSection(SolutionConfigurationPlatforms) = preSolution
		Debug|Any CPU = Debug|Any CPU
		Release|Any CPU = Release|Any CPU
	EndGlobalSection
	GlobalSection(ProjectConfigurationPlatforms) = postSolution
		{C280775E-5279-448A-A74A-F7650A7F0A3C}.Debug|Any CPU.ActiveCfg = Debug|Any CPU
		{C280775E-5279-448A-A74A-F7650A7F0A3C}.Debug|Any CPU.Build.0 = Debug|Any CPU
		{C280775E-5279-448A-A74A-F7650A7F0A3C}.Release|Any CPU.ActiveCfg = Release|Any CPU
		{C280775E-5279-448A-A74A-F7650A7F0A3C}.Release|Any CPU.Build.0 = Release|Any CPU
	EndGlobalSection
	GlobalSection(SolutionProperties) = preSolution
		HideSolutionNode = FALSE
	EndGlobalSection
	GlobalSection(NestedProjects) = preSolution
		{C280775E-5279-448A-A74A-F7650A7F0A3C} = {B4973777-098E-4B2C-89AB-15008DBFFB7C}
	EndGlobalSection
EndGlobal
